
Microsoft Visual Studio Solution File, Format Version 12.00
# Visual Studio 2013
VisualStudioVersion = 12.0.21005.1
MinimumVisualStudioVersion = 10.0.40219.1
Project("{FAE04EC0-301F-11D3-BF4B-00C04F79EFBC}") = "MinervaApi.Models", "MinervaApi.Models\MinervaApi.Models.csproj", "{70340A1C-E809-44E2-8DC2-A14C6A41839F}"
EndProject
Project("{FAE04EC0-301F-11D3-BF4B-00C04F79EFBC}") = "MinervaApi", "MinervaApi\MinervaApi.csproj", "{93CD958E-B600-42C1-B5F5-19C757DC4BE9}"
EndProject
Project("{CC5FD16D-436D-48AD-A40C-5A424C6E3E79}") = "MinervaApi.Azure", "MinervaApi.Azure\MinervaApi.Azure.ccproj", "{280308DA-2530-4E50-8804-0CDA2F6974DF}"
EndProject
Global
	GlobalSection(SolutionConfigurationPlatforms) = preSolution
		Debug|Any CPU = Debug|Any CPU
		Release|Any CPU = Release|Any CPU
	EndGlobalSection
	GlobalSection(ProjectConfigurationPlatforms) = postSolution
		{70340A1C-E809-44E2-8DC2-A14C6A41839F}.Debug|Any CPU.ActiveCfg = Debug|Any CPU
		{70340A1C-E809-44E2-8DC2-A14C6A41839F}.Debug|Any CPU.Build.0 = Debug|Any CPU
		{70340A1C-E809-44E2-8DC2-A14C6A41839F}.Release|Any CPU.ActiveCfg = Release|Any CPU
		{70340A1C-E809-44E2-8DC2-A14C6A41839F}.Release|Any CPU.Build.0 = Release|Any CPU
		{93CD958E-B600-42C1-B5F5-19C757DC4BE9}.Debug|Any CPU.ActiveCfg = Debug|Any CPU
		{93CD958E-B600-42C1-B5F5-19C757DC4BE9}.Debug|Any CPU.Build.0 = Debug|Any CPU
		{93CD958E-B600-42C1-B5F5-19C757DC4BE9}.Release|Any CPU.ActiveCfg = Release|Any CPU
		{93CD958E-B600-42C1-B5F5-19C757DC4BE9}.Release|Any CPU.Build.0 = Release|Any CPU
		{280308DA-2530-4E50-8804-0CDA2F6974DF}.Debug|Any CPU.ActiveCfg = Debug|Any CPU
		{280308DA-2530-4E50-8804-0CDA2F6974DF}.Debug|Any CPU.Build.0 = Debug|Any CPU
		{280308DA-2530-4E50-8804-0CDA2F6974DF}.Release|Any CPU.ActiveCfg = Release|Any CPU
		{280308DA-2530-4E50-8804-0CDA2F6974DF}.Release|Any CPU.Build.0 = Release|Any CPU
	EndGlobalSection
	GlobalSection(SolutionProperties) = preSolution
		HideSolutionNode = FALSE
	EndGlobalSection
EndGlobal
